
Microsoft Visual Studio Solution File, Format Version 12.00
# Visual Studio Version 17
VisualStudioVersion = 17.5.33424.131
MinimumVisualStudioVersion = 10.0.40219.1
Project("{9A19103F-16F7-4668-BE54-9A1E7A4F7556}") = "HomeWork13AspMvcCinema", "HomeWork13AspMvcCinema\HomeWork13AspMvcCinema.csproj", "{3458DE45-465C-431A-8B6D-FC97E15B5C03}"
	ProjectSection(ProjectDependencies) = postProject
		{4E68C149-E210-4FC7-8BA2-54C5F6D4BF77} = {4E68C149-E210-4FC7-8BA2-54C5F6D4BF77}
	EndProjectSection
EndProject
Project("{9A19103F-16F7-4668-BE54-9A1E7A4F7556}") = "MovieData", "MovieData\MovieData.csproj", "{4E68C149-E210-4FC7-8BA2-54C5F6D4BF77}"
EndProject
Global
	GlobalSection(SolutionConfigurationPlatforms) = preSolution
		Debug|Any CPU = Debug|Any CPU
		Release|Any CPU = Release|Any CPU
	EndGlobalSection
	GlobalSection(ProjectConfigurationPlatforms) = postSolution
		{3458DE45-465C-431A-8B6D-FC97E15B5C03}.Debug|Any CPU.ActiveCfg = Debug|Any CPU
		{3458DE45-465C-431A-8B6D-FC97E15B5C03}.Debug|Any CPU.Build.0 = Debug|Any CPU
		{3458DE45-465C-431A-8B6D-FC97E15B5C03}.Release|Any CPU.ActiveCfg = Release|Any CPU
		{3458DE45-465C-431A-8B6D-FC97E15B5C03}.Release|Any CPU.Build.0 = Release|Any CPU
		{4E68C149-E210-4FC7-8BA2-54C5F6D4BF77}.Debug|Any CPU.ActiveCfg = Debug|Any CPU
		{4E68C149-E210-4FC7-8BA2-54C5F6D4BF77}.Debug|Any CPU.Build.0 = Debug|Any CPU
		{4E68C149-E210-4FC7-8BA2-54C5F6D4BF77}.Release|Any CPU.ActiveCfg = Release|Any CPU
		{4E68C149-E210-4FC7-8BA2-54C5F6D4BF77}.Release|Any CPU.Build.0 = Release|Any CPU
	EndGlobalSection
	GlobalSection(SolutionProperties) = preSolution
		HideSolutionNode = FALSE
	EndGlobalSection
	GlobalSection(ExtensibilityGlobals) = postSolution
		SolutionGuid = {B9189018-C2E8-4F31-83DC-90A147CCA4C7}
	EndGlobalSection
EndGlobal
